// !$*UTF8*$!
{
	archiveVersion = 1;
	classes = {
	};
	objectVersion = 55;
	objects = {

/* Begin PBXBuildFile section */
		A0AF5AF728630B4C00716C5D /* AppDelegate.swift in Sources */ = {isa = PBXBuildFile; fileRef = A0AF5AF628630B4C00716C5D /* AppDelegate.swift */; };
		A0AF5AF928630B4C00716C5D /* SceneDelegate.swift in Sources */ = {isa = PBXBuildFile; fileRef = A0AF5AF828630B4C00716C5D /* SceneDelegate.swift */; };
		A0AF5AFE28630B4C00716C5D /* Main.storyboard in Resources */ = {isa = PBXBuildFile; fileRef = A0AF5AFC28630B4C00716C5D /* Main.storyboard */; };
		A0AF5B0028630B4D00716C5D /* Assets.xcassets in Resources */ = {isa = PBXBuildFile; fileRef = A0AF5AFF28630B4D00716C5D /* Assets.xcassets */; };
		A0AF5B0328630B4D00716C5D /* LaunchScreen.storyboard in Resources */ = {isa = PBXBuildFile; fileRef = A0AF5B0128630B4D00716C5D /* LaunchScreen.storyboard */; };
		A0AF5B0D2863185300716C5D /* DataManager.swift in Sources */ = {isa = PBXBuildFile; fileRef = A0AF5B0C2863185300716C5D /* DataManager.swift */; };
		A0AF5B0F286318A000716C5D /* DetailInformationViewController.swift in Sources */ = {isa = PBXBuildFile; fileRef = A0AF5B0E286318A000716C5D /* DetailInformationViewController.swift */; };
		A0AF5B11286318DC00716C5D /* TabBarViewController.swift in Sources */ = {isa = PBXBuildFile; fileRef = A0AF5B10286318DC00716C5D /* TabBarViewController.swift */; };
		A0AF5B132863192300716C5D /* ContactListTableViewController.swift in Sources */ = {isa = PBXBuildFile; fileRef = A0AF5B122863192300716C5D /* ContactListTableViewController.swift */; };
		A0AF5B152863193800716C5D /* SectionTableViewController.swift in Sources */ = {isa = PBXBuildFile; fileRef = A0AF5B142863193800716C5D /* SectionTableViewController.swift */; };
		A0AF5B17286319A800716C5D /* Person.swift in Sources */ = {isa = PBXBuildFile; fileRef = A0AF5B16286319A800716C5D /* Person.swift */; };
/* End PBXBuildFile section */

/* Begin PBXFileReference section */
		A0AF5AF328630B4C00716C5D /* ContactList.app */ = {isa = PBXFileReference; explicitFileType = wrapper.application; includeInIndex = 0; path = ContactList.app; sourceTree = BUILT_PRODUCTS_DIR; };
		A0AF5AF628630B4C00716C5D /* AppDelegate.swift */ = {isa = PBXFileReference; lastKnownFileType = sourcecode.swift; path = AppDelegate.swift; sourceTree = "<group>"; };
		A0AF5AF828630B4C00716C5D /* SceneDelegate.swift */ = {isa = PBXFileReference; lastKnownFileType = sourcecode.swift; path = SceneDelegate.swift; sourceTree = "<group>"; };
		A0AF5AFD28630B4C00716C5D /* Base */ = {isa = PBXFileReference; lastKnownFileType = file.storyboard; name = Base; path = Base.lproj/Main.storyboard; sourceTree = "<group>"; };
		A0AF5AFF28630B4D00716C5D /* Assets.xcassets */ = {isa = PBXFileReference; lastKnownFileType = folder.assetcatalog; path = Assets.xcassets; sourceTree = "<group>"; };
		A0AF5B0228630B4D00716C5D /* Base */ = {isa = PBXFileReference; lastKnownFileType = file.storyboard; name = Base; path = Base.lproj/LaunchScreen.storyboard; sourceTree = "<group>"; };
		A0AF5B0428630B4D00716C5D /* Info.plist */ = {isa = PBXFileReference; lastKnownFileType = text.plist.xml; path = Info.plist; sourceTree = "<group>"; };
		A0AF5B0C2863185300716C5D /* DataManager.swift */ = {isa = PBXFileReference; lastKnownFileType = sourcecode.swift; path = DataManager.swift; sourceTree = "<group>"; };
		A0AF5B0E286318A000716C5D /* DetailInformationViewController.swift */ = {isa = PBXFileReference; lastKnownFileType = sourcecode.swift; path = DetailInformationViewController.swift; sourceTree = "<group>"; };
		A0AF5B10286318DC00716C5D /* TabBarViewController.swift */ = {isa = PBXFileReference; lastKnownFileType = sourcecode.swift; path = TabBarViewController.swift; sourceTree = "<group>"; };
		A0AF5B122863192300716C5D /* ContactListTableViewController.swift */ = {isa = PBXFileReference; lastKnownFileType = sourcecode.swift; path = ContactListTableViewController.swift; sourceTree = "<group>"; };
		A0AF5B142863193800716C5D /* SectionTableViewController.swift */ = {isa = PBXFileReference; lastKnownFileType = sourcecode.swift; path = SectionTableViewController.swift; sourceTree = "<group>"; };
		A0AF5B16286319A800716C5D /* Person.swift */ = {isa = PBXFileReference; lastKnownFileType = sourcecode.swift; path = Person.swift; sourceTree = "<group>"; };
/* End PBXFileReference section */

/* Begin PBXFrameworksBuildPhase section */
		A0AF5AF028630B4C00716C5D /* Frameworks */ = {
			isa = PBXFrameworksBuildPhase;
			buildActionMask = 2147483647;
			files = (
			);
			runOnlyForDeploymentPostprocessing = 0;
		};
/* End PBXFrameworksBuildPhase section */

/* Begin PBXGroup section */
		A037BA0E286ED7F100F3E782 /* ViewControllers */ = {
			isa = PBXGroup;
			children = (
				A0AF5B0E286318A000716C5D /* DetailInformationViewController.swift */,
				A0AF5B10286318DC00716C5D /* TabBarViewController.swift */,
				A0AF5B122863192300716C5D /* ContactListTableViewController.swift */,
				A0AF5B142863193800716C5D /* SectionTableViewController.swift */,
			);
			path = ViewControllers;
			sourceTree = "<group>";
		};
		A037BA0F286ED81500F3E782 /* Storyboards */ = {
			isa = PBXGroup;
			children = (
				A0AF5AFC28630B4C00716C5D /* Main.storyboard */,
				A0AF5B0128630B4D00716C5D /* LaunchScreen.storyboard */,
			);
			path = Storyboards;
			sourceTree = "<group>";
		};
		A037BA10286ED82800F3E782 /* Services */ = {
			isa = PBXGroup;
			children = (
				A0AF5B0C2863185300716C5D /* DataManager.swift */,
			);
			path = Services;
			sourceTree = "<group>";
		};
		A037BA11286ED84100F3E782 /* Models */ = {
			isa = PBXGroup;
			children = (
				A0AF5B16286319A800716C5D /* Person.swift */,
			);
			path = Models;
			sourceTree = "<group>";
		};
		A037BA12286ED87600F3E782 /* App */ = {
			isa = PBXGroup;
			children = (
				A0AF5AF628630B4C00716C5D /* AppDelegate.swift */,
				A0AF5AF828630B4C00716C5D /* SceneDelegate.swift */,
				A0AF5B0428630B4D00716C5D /* Info.plist */,
			);
			path = App;
			sourceTree = "<group>";
		};
		A037BA13286ED92B00F3E782 /* Resources */ = {
			isa = PBXGroup;
			children = (
				A0AF5AFF28630B4D00716C5D /* Assets.xcassets */,
			);
			path = Resources;
			sourceTree = "<group>";
		};
		A0AF5AEA28630B4C00716C5D = {
			isa = PBXGroup;
			children = (
				A0AF5AF528630B4C00716C5D /* ContactList */,
				A0AF5AF428630B4C00716C5D /* Products */,
			);
			sourceTree = "<group>";
		};
		A0AF5AF428630B4C00716C5D /* Products */ = {
			isa = PBXGroup;
			children = (
				A0AF5AF328630B4C00716C5D /* ContactList.app */,
			);
			name = Products;
			sourceTree = "<group>";
		};
		A0AF5AF528630B4C00716C5D /* ContactList */ = {
			isa = PBXGroup;
			children = (
				A037BA0E286ED7F100F3E782 /* ViewControllers */,
				A037BA11286ED84100F3E782 /* Models */,
				A037BA0F286ED81500F3E782 /* Storyboards */,
				A037BA10286ED82800F3E782 /* Services */,
				A037BA12286ED87600F3E782 /* App */,
				A037BA13286ED92B00F3E782 /* Resources */,
			);
			path = ContactList;
			sourceTree = "<group>";
		};
/* End PBXGroup section */

/* Begin PBXNativeTarget section */
		A0AF5AF228630B4C00716C5D /* ContactList */ = {
			isa = PBXNativeTarget;
			buildConfigurationList = A0AF5B0728630B4D00716C5D /* Build configuration list for PBXNativeTarget "ContactList" */;
			buildPhases = (
				A0AF5AEF28630B4C00716C5D /* Sources */,
				A0AF5AF028630B4C00716C5D /* Frameworks */,
				A0AF5AF128630B4C00716C5D /* Resources */,
			);
			buildRules = (
			);
			dependencies = (
			);
			name = ContactList;
			productName = ContactList;
			productReference = A0AF5AF328630B4C00716C5D /* ContactList.app */;
			productType = "com.apple.product-type.application";
		};
/* End PBXNativeTarget section */

/* Begin PBXProject section */
		A0AF5AEB28630B4C00716C5D /* Project object */ = {
			isa = PBXProject;
			attributes = {
				BuildIndependentTargetsInParallel = 1;
				LastSwiftUpdateCheck = 1340;
				LastUpgradeCheck = 1340;
				TargetAttributes = {
					A0AF5AF228630B4C00716C5D = {
						CreatedOnToolsVersion = 13.4.1;
					};
				};
			};
			buildConfigurationList = A0AF5AEE28630B4C00716C5D /* Build configuration list for PBXProject "ContactList" */;
			compatibilityVersion = "Xcode 13.0";
			developmentRegion = en;
			hasScannedForEncodings = 0;
			knownRegions = (
				en,
				Base,
			);
			mainGroup = A0AF5AEA28630B4C00716C5D;
			productRefGroup = A0AF5AF428630B4C00716C5D /* Products */;
			projectDirPath = "";
			projectRoot = "";
			targets = (
				A0AF5AF228630B4C00716C5D /* ContactList */,
			);
		};
/* End PBXProject section */

/* Begin PBXResourcesBuildPhase section */
		A0AF5AF128630B4C00716C5D /* Resources */ = {
			isa = PBXResourcesBuildPhase;
			buildActionMask = 2147483647;
			files = (
				A0AF5B0328630B4D00716C5D /* LaunchScreen.storyboard in Resources */,
				A0AF5B0028630B4D00716C5D /* Assets.xcassets in Resources */,
				A0AF5AFE28630B4C00716C5D /* Main.storyboard in Resources */,
			);
			runOnlyForDeploymentPostprocessing = 0;
		};
/* End PBXResourcesBuildPhase section */

/* Begin PBXSourcesBuildPhase section */
		A0AF5AEF28630B4C00716C5D /* Sources */ = {
			isa = PBXSourcesBuildPhase;
			buildActionMask = 2147483647;
			files = (
				A0AF5B0F286318A000716C5D /* DetailInformationViewController.swift in Sources */,
				A0AF5B132863192300716C5D /* ContactListTableViewController.swift in Sources */,
				A0AF5B0D2863185300716C5D /* DataManager.swift in Sources */,
				A0AF5AF728630B4C00716C5D /* AppDelegate.swift in Sources */,
				A0AF5B11286318DC00716C5D /* TabBarViewController.swift in Sources */,
				A0AF5B152863193800716C5D /* SectionTableViewController.swift in Sources */,
				A0AF5B17286319A800716C5D /* Person.swift in Sources */,
				A0AF5AF928630B4C00716C5D /* SceneDelegate.swift in Sources */,
			);
			runOnlyForDeploymentPostprocessing = 0;
		};
/* End PBXSourcesBuildPhase section */

/* Begin PBXVariantGroup section */
		A0AF5AFC28630B4C00716C5D /* Main.storyboard */ = {
			isa = PBXVariantGroup;
			children = (
				A0AF5AFD28630B4C00716C5D /* Base */,
			);
			name = Main.storyboard;
			sourceTree = "<group>";
		};
		A0AF5B0128630B4D00716C5D /* LaunchScreen.storyboard */ = {
			isa = PBXVariantGroup;
			children = (
				A0AF5B0228630B4D00716C5D /* Base */,
			);
			name = LaunchScreen.storyboard;
			sourceTree = "<group>";
		};
/* End PBXVariantGroup section */

/* Begin XCBuildConfiguration section */
		A0AF5B0528630B4D00716C5D /* Debug */ = {
			isa = XCBuildConfiguration;
			buildSettings = {
				ALWAYS_SEARCH_USER_PATHS = NO;
				CLANG_ANALYZER_NONNULL = YES;
				CLANG_ANALYZER_NUMBER_OBJECT_CONVERSION = YES_AGGRESSIVE;
				CLANG_CXX_LANGUAGE_STANDARD = "gnu++17";
				CLANG_ENABLE_MODULES = YES;
				CLANG_ENABLE_OBJC_ARC = YES;
				CLANG_ENABLE_OBJC_WEAK = YES;
				CLANG_WARN_BLOCK_CAPTURE_AUTORELEASING = YES;
				CLANG_WARN_BOOL_CONVERSION = YES;
				CLANG_WARN_COMMA = YES;
				CLANG_WARN_CONSTANT_CONVERSION = YES;
				CLANG_WARN_DEPRECATED_OBJC_IMPLEMENTATIONS = YES;
				CLANG_WARN_DIRECT_OBJC_ISA_USAGE = YES_ERROR;
				CLANG_WARN_DOCUMENTATION_COMMENTS = YES;
				CLANG_WARN_EMPTY_BODY = YES;
				CLANG_WARN_ENUM_CONVERSION = YES;
				CLANG_WARN_INFINITE_RECURSION = YES;
				CLANG_WARN_INT_CONVERSION = YES;
				CLANG_WARN_NON_LITERAL_NULL_CONVERSION = YES;
				CLANG_WARN_OBJC_IMPLICIT_RETAIN_SELF = YES;
				CLANG_WARN_OBJC_LITERAL_CONVERSION = YES;
				CLANG_WARN_OBJC_ROOT_CLASS = YES_ERROR;
				CLANG_WARN_QUOTED_INCLUDE_IN_FRAMEWORK_HEADER = YES;
				CLANG_WARN_RANGE_LOOP_ANALYSIS = YES;
				CLANG_WARN_STRICT_PROTOTYPES = YES;
				CLANG_WARN_SUSPICIOUS_MOVE = YES;
				CLANG_WARN_UNGUARDED_AVAILABILITY = YES_AGGRESSIVE;
				CLANG_WARN_UNREACHABLE_CODE = YES;
				CLANG_WARN__DUPLICATE_METHOD_MATCH = YES;
				COPY_PHASE_STRIP = NO;
				DEBUG_INFORMATION_FORMAT = dwarf;
				ENABLE_STRICT_OBJC_MSGSEND = YES;
				ENABLE_TESTABILITY = YES;
				GCC_C_LANGUAGE_STANDARD = gnu11;
				GCC_DYNAMIC_NO_PIC = NO;
				GCC_NO_COMMON_BLOCKS = YES;
				GCC_OPTIMIZATION_LEVEL = 0;
				GCC_PREPROCESSOR_DEFINITIONS = (
					"DEBUG=1",
					"$(inherited)",
				);
				GCC_WARN_64_TO_32_BIT_CONVERSION = YES;
				GCC_WARN_ABOUT_RETURN_TYPE = YES_ERROR;
				GCC_WARN_UNDECLARED_SELECTOR = YES;
				GCC_WARN_UNINITIALIZED_AUTOS = YES_AGGRESSIVE;
				GCC_WARN_UNUSED_FUNCTION = YES;
				GCC_WARN_UNUSED_VARIABLE = YES;
				IPHONEOS_DEPLOYMENT_TARGET = 15.5;
				MTL_ENABLE_DEBUG_INFO = INCLUDE_SOURCE;
				MTL_FAST_MATH = YES;
				ONLY_ACTIVE_ARCH = YES;
				SDKROOT = iphoneos;
				SWIFT_ACTIVE_COMPILATION_CONDITIONS = DEBUG;
				SWIFT_OPTIMIZATION_LEVEL = "-Onone";
			};
			name = Debug;
		};
		A0AF5B0628630B4D00716C5D /* Release */ = {
			isa = XCBuildConfiguration;
			buildSettings = {
				ALWAYS_SEARCH_USER_PATHS = NO;
				CLANG_ANALYZER_NONNULL = YES;
				CLANG_ANALYZER_NUMBER_OBJECT_CONVERSION = YES_AGGRESSIVE;
				CLANG_CXX_LANGUAGE_STANDARD = "gnu++17";
				CLANG_ENABLE_MODULES = YES;
				CLANG_ENABLE_OBJC_ARC = YES;
				CLANG_ENABLE_OBJC_WEAK = YES;
				CLANG_WARN_BLOCK_CAPTURE_AUTORELEASING = YES;
				CLANG_WARN_BOOL_CONVERSION = YES;
				CLANG_WARN_COMMA = YES;
				CLANG_WARN_CONSTANT_CONVERSION = YES;
				CLANG_WARN_DEPRECATED_OBJC_IMPLEMENTATIONS = YES;
				CLANG_WARN_DIRECT_OBJC_ISA_USAGE = YES_ERROR;
				CLANG_WARN_DOCUMENTATION_COMMENTS = YES;
				CLANG_WARN_EMPTY_BODY = YES;
				CLANG_WARN_ENUM_CONVERSION = YES;
				CLANG_WARN_INFINITE_RECURSION = YES;
				CLANG_WARN_INT_CONVERSION = YES;
				CLANG_WARN_NON_LITERAL_NULL_CONVERSION = YES;
				CLANG_WARN_OBJC_IMPLICIT_RETAIN_SELF = YES;
				CLANG_WARN_OBJC_LITERAL_CONVERSION = YES;
				CLANG_WARN_OBJC_ROOT_CLASS = YES_ERROR;
				CLANG_WARN_QUOTED_INCLUDE_IN_FRAMEWORK_HEADER = YES;
				CLANG_WARN_RANGE_LOOP_ANALYSIS = YES;
				CLANG_WARN_STRICT_PROTOTYPES = YES;
				CLANG_WARN_SUSPICIOUS_MOVE = YES;
				CLANG_WARN_UNGUARDED_AVAILABILITY = YES_AGGRESSIVE;
				CLANG_WARN_UNREACHABLE_CODE = YES;
				CLANG_WARN__DUPLICATE_METHOD_MATCH = YES;
				COPY_PHASE_STRIP = NO;
				DEBUG_INFORMATION_FORMAT = "dwarf-with-dsym";
				ENABLE_NS_ASSERTIONS = NO;
				ENABLE_STRICT_OBJC_MSGSEND = YES;
				GCC_C_LANGUAGE_STANDARD = gnu11;
				GCC_NO_COMMON_BLOCKS = YES;
				GCC_WARN_64_TO_32_BIT_CONVERSION = YES;
				GCC_WARN_ABOUT_RETURN_TYPE = YES_ERROR;
				GCC_WARN_UNDECLARED_SELECTOR = YES;
				GCC_WARN_UNINITIALIZED_AUTOS = YES_AGGRESSIVE;
				GCC_WARN_UNUSED_FUNCTION = YES;
				GCC_WARN_UNUSED_VARIABLE = YES;
				IPHONEOS_DEPLOYMENT_TARGET = 15.5;
				MTL_ENABLE_DEBUG_INFO = NO;
				MTL_FAST_MATH = YES;
				SDKROOT = iphoneos;
				SWIFT_COMPILATION_MODE = wholemodule;
				SWIFT_OPTIMIZATION_LEVEL = "-O";
				VALIDATE_PRODUCT = YES;
			};
			name = Release;
		};
		A0AF5B0828630B4D00716C5D /* Debug */ = {
			isa = XCBuildConfiguration;
			buildSettings = {
				ASSETCATALOG_COMPILER_APPICON_NAME = AppIcon;
				ASSETCATALOG_COMPILER_GLOBAL_ACCENT_COLOR_NAME = AccentColor;
				CODE_SIGN_STYLE = Automatic;
				CURRENT_PROJECT_VERSION = 1;
				DEVELOPMENT_TEAM = QZ329TNU43;
				GENERATE_INFOPLIST_FILE = YES;
				INFOPLIST_FILE = ContactList/App/Info.plist;
				INFOPLIST_KEY_UIApplicationSupportsIndirectInputEvents = YES;
				INFOPLIST_KEY_UILaunchStoryboardName = LaunchScreen;
				INFOPLIST_KEY_UIMainStoryboardFile = Main;
				INFOPLIST_KEY_UISupportedInterfaceOrientations = UIInterfaceOrientationPortrait;
				INFOPLIST_KEY_UISupportedInterfaceOrientations_iPad = "UIInterfaceOrientationPortrait UIInterfaceOrientationPortraitUpsideDown UIInterfaceOrientationLandscapeLeft UIInterfaceOrientationLandscapeRight";
				INFOPLIST_KEY_UISupportedInterfaceOrientations_iPhone = "UIInterfaceOrientationPortrait UIInterfaceOrientationLandscapeLeft UIInterfaceOrientationLandscapeRight";
				LD_RUNPATH_SEARCH_PATHS = (
					"$(inherited)",
					"@executable_path/Frameworks",
				);
				MARKETING_VERSION = 1.0;
				PRODUCT_BUNDLE_IDENTIFIER = matveiKhlestov.ContactList;
				PRODUCT_NAME = "$(TARGET_NAME)";
				SWIFT_EMIT_LOC_STRINGS = YES;
				SWIFT_VERSION = 5.0;
				TARGETED_DEVICE_FAMILY = 1;
			};
			name = Debug;
		};
		A0AF5B0928630B4D00716C5D /* Release */ = {
			isa = XCBuildConfiguration;
			buildSettings = {
				ASSETCATALOG_COMPILER_APPICON_NAME = AppIcon;
				ASSETCATALOG_COMPILER_GLOBAL_ACCENT_COLOR_NAME = AccentColor;
				CODE_SIGN_STYLE = Automatic;
				CURRENT_PROJECT_VERSION = 1;
				DEVELOPMENT_TEAM = QZ329TNU43;
				GENERATE_INFOPLIST_FILE = YES;
				INFOPLIST_FILE = ContactList/App/Info.plist;
				INFOPLIST_KEY_UIApplicationSupportsIndirectInputEvents = YES;
				INFOPLIST_KEY_UILaunchStoryboardName = LaunchScreen;
				INFOPLIST_KEY_UIMainStoryboardFile = Main;
				INFOPLIST_KEY_UISupportedInterfaceOrientations = UIInterfaceOrientationPortrait;
				INFOPLIST_KEY_UISupportedInterfaceOrientations_iPad = "UIInterfaceOrientationPortrait UIInterfaceOrientationPortraitUpsideDown UIInterfaceOrientationLandscapeLeft UIInterfaceOrientationLandscapeRight";
				INFOPLIST_KEY_UISupportedInterfaceOrientations_iPhone = "UIInterfaceOrientationPortrait UIInterfaceOrientationLandscapeLeft UIInterfaceOrientationLandscapeRight";
				LD_RUNPATH_SEARCH_PATHS = (
					"$(inherited)",
					"@executable_path/Frameworks",
				);
				MARKETING_VERSION = 1.0;
				PRODUCT_BUNDLE_IDENTIFIER = matveiKhlestov.ContactList;
				PRODUCT_NAME = "$(TARGET_NAME)";
				SWIFT_EMIT_LOC_STRINGS = YES;
				SWIFT_VERSION = 5.0;
				TARGETED_DEVICE_FAMILY = 1;
			};
			name = Release;
		};
/* End XCBuildConfiguration section */

/* Begin XCConfigurationList section */
		A0AF5AEE28630B4C00716C5D /* Build configuration list for PBXProject "ContactList" */ = {
			isa = XCConfigurationList;
			buildConfigurations = (
				A0AF5B0528630B4D00716C5D /* Debug */,
				A0AF5B0628630B4D00716C5D /* Release */,
			);
			defaultConfigurationIsVisible = 0;
			defaultConfigurationName = Release;
		};
		A0AF5B0728630B4D00716C5D /* Build configuration list for PBXNativeTarget "ContactList" */ = {
			isa = XCConfigurationList;
			buildConfigurations = (
				A0AF5B0828630B4D00716C5D /* Debug */,
				A0AF5B0928630B4D00716C5D /* Release */,
			);
			defaultConfigurationIsVisible = 0;
			defaultConfigurationName = Release;
		};
/* End XCConfigurationList section */
	};
	rootObject = A0AF5AEB28630B4C00716C5D /* Project object */;
}
